{
  "name": "social_medial",
  "lockfileVersion": 2,
  "requires": true,
  "packages": {
    "": {
      "dependencies": {
        "angular-material-icons": "^0.7.1"
      }
    },
    "node_modules/angular": {
      "version": "1.8.3",
      "resolved": "https://registry.npmjs.org/angular/-/angular-1.8.3.tgz",
      "integrity": "sha512-5qjkWIQQVsHj4Sb5TcEs4WZWpFeVFHXwxEBHUhrny41D8UrBAd6T/6nPPAsLngJCReIOqi95W3mxdveveutpZw==",
      "deprecated": "For the actively supported Angular, see https://www.npmjs.com/package/@angular/core. AngularJS support has officially ended. For extended AngularJS support options, see https://goo.gle/angularjs-path-forward."
    },
    "node_modules/angular-material-icons": {
      "version": "0.7.1",
      "resolved": "https://registry.npmjs.org/angular-material-icons/-/angular-material-icons-0.7.1.tgz",
      "integrity": "sha512-OE6DiJh7Tm66cTtnLSf9xPrVSnnrQP5GYWTQGEbAIpGXIQlsA327Cs5L3RB2PLWUbxMt6Pv2yJgr7rmcqdnHLg==",
      "dependencies": {
        "angular": ">=1.3.0"
      }
    }
  },
  "dependencies": {
    "angular": {
      "version": "1.8.3",
      "resolved": "https://registry.npmjs.org/angular/-/angular-1.8.3.tgz",
      "integrity": "sha512-5qjkWIQQVsHj4Sb5TcEs4WZWpFeVFHXwxEBHUhrny41D8UrBAd6T/6nPPAsLngJCReIOqi95W3mxdveveutpZw=="
    },
    "angular-material-icons": {
      "version": "0.7.1",
      "resolved": "https://registry.npmjs.org/angular-material-icons/-/angular-material-icons-0.7.1.tgz",
      "integrity": "sha512-OE6DiJh7Tm66cTtnLSf9xPrVSnnrQP5GYWTQGEbAIpGXIQlsA327Cs5L3RB2PLWUbxMt6Pv2yJgr7rmcqdnHLg==",
      "requires": {
        "angular": ">=1.3.0"
      }
    }
  }
}
